
Microsoft Visual Studio Solution File, Format Version 12.00
# Visual Studio 15
VisualStudioVersion = 15.0.27130.2027
MinimumVisualStudioVersion = 10.0.40219.1
Project("{FAE04EC0-301F-11D3-BF4B-00C04F79EFBC}") = "wordwrap-kata", "wordwrap-kata\wordwrap-kata.csproj", "{E695D325-9920-455B-9D0B-2D1A9044F67F}"
EndProject
Global
	GlobalSection(SolutionConfigurationPlatforms) = preSolution
		Debug|Any CPU = Debug|Any CPU
		Release|Any CPU = Release|Any CPU
	EndGlobalSection
	GlobalSection(ProjectConfigurationPlatforms) = postSolution
		{E695D325-9920-455B-9D0B-2D1A9044F67F}.Debug|Any CPU.ActiveCfg = Debug|Any CPU
		{E695D325-9920-455B-9D0B-2D1A9044F67F}.Debug|Any CPU.Build.0 = Debug|Any CPU
		{E695D325-9920-455B-9D0B-2D1A9044F67F}.Release|Any CPU.ActiveCfg = Release|Any CPU
		{E695D325-9920-455B-9D0B-2D1A9044F67F}.Release|Any CPU.Build.0 = Release|Any CPU
	EndGlobalSection
	GlobalSection(SolutionProperties) = preSolution
		HideSolutionNode = FALSE
	EndGlobalSection
	GlobalSection(ExtensibilityGlobals) = postSolution
		SolutionGuid = {EE9526AC-C408-481D-AD03-A5905A5EAB57}
	EndGlobalSection
EndGlobal
